{
  "object": {
    "pins": [
      {
        "package": "GRDB",
        "repositoryURL": "https://github.com/groue/GRDB.swift.git",
        "state": {
          "branch": null,
          "revision": "ae3c491661c4dd6771d996beb6fc869f4520701f",
          "version": "5.6.0"
        }
      }
    ]
  },
  "version": 1
}
